
Microsoft Visual Studio Solution File, Format Version 12.00
# Visual Studio Version 16
VisualStudioVersion = 16.0.30907.101
MinimumVisualStudioVersion = 10.0.40219.1
Project("{888888A0-9F3D-457C-B088-3A5042F75D52}") = "Timetable", "Timetable.pyproj", "{348ADCB3-2543-49A4-BE2C-5B049AB57039}"
EndProject
Global
	GlobalSection(SolutionConfigurationPlatforms) = preSolution
		Debug|Any CPU = Debug|Any CPU
		Release|Any CPU = Release|Any CPU
	EndGlobalSection
	GlobalSection(ProjectConfigurationPlatforms) = postSolution
		{348ADCB3-2543-49A4-BE2C-5B049AB57039}.Debug|Any CPU.ActiveCfg = Debug|Any CPU
		{348ADCB3-2543-49A4-BE2C-5B049AB57039}.Release|Any CPU.ActiveCfg = Release|Any CPU
	EndGlobalSection
	GlobalSection(SolutionProperties) = preSolution
		HideSolutionNode = FALSE
	EndGlobalSection
	GlobalSection(ExtensibilityGlobals) = postSolution
		SolutionGuid = {B3C7713D-F790-4A56-BADB-7FCE700AD1ED}
	EndGlobalSection
EndGlobal
